// !$*UTF8*$!
{
	archiveVersion = 1;
	classes = {
	};
	objectVersion = 56;
	objects = {

/* Begin PBXBuildFile section */
		5B55AD7D2AFA2E9600CC1819 /* AppDelegate.swift in Sources */ = {isa = PBXBuildFile; fileRef = 5B55AD7C2AFA2E9600CC1819 /* AppDelegate.swift */; };
		5B55AD7F2AFA2E9600CC1819 /* SceneDelegate.swift in Sources */ = {isa = PBXBuildFile; fileRef = 5B55AD7E2AFA2E9600CC1819 /* SceneDelegate.swift */; };
		5B55AD812AFA2E9600CC1819 /* ViewController.swift in Sources */ = {isa = PBXBuildFile; fileRef = 5B55AD802AFA2E9600CC1819 /* ViewController.swift */; };
		5B55AD842AFA2E9600CC1819 /* Main.storyboard in Resources */ = {isa = PBXBuildFile; fileRef = 5B55AD822AFA2E9600CC1819 /* Main.storyboard */; };
		5B55AD862AFA2E9700CC1819 /* Assets.xcassets in Resources */ = {isa = PBXBuildFile; fileRef = 5B55AD852AFA2E9700CC1819 /* Assets.xcassets */; };
		5B55AD892AFA2E9700CC1819 /* LaunchScreen.storyboard in Resources */ = {isa = PBXBuildFile; fileRef = 5B55AD872AFA2E9700CC1819 /* LaunchScreen.storyboard */; };
		5B55AD912AFA31C000CC1819 /* MyViewController.swift in Sources */ = {isa = PBXBuildFile; fileRef = 5B55AD902AFA31C000CC1819 /* MyViewController.swift */; };
		7F6BD20D1A3870C7B898EC94 /* Pods_SideView.framework in Frameworks */ = {isa = PBXBuildFile; fileRef = 26C65C14473EA8BED57CA5F0 /* Pods_SideView.framework */; };
/* End PBXBuildFile section */

/* Begin PBXFileReference section */
		26C65C14473EA8BED57CA5F0 /* Pods_SideView.framework */ = {isa = PBXFileReference; explicitFileType = wrapper.framework; includeInIndex = 0; path = Pods_SideView.framework; sourceTree = BUILT_PRODUCTS_DIR; };
		5B55AD792AFA2E9600CC1819 /* SideView.app */ = {isa = PBXFileReference; explicitFileType = wrapper.application; includeInIndex = 0; path = SideView.app; sourceTree = BUILT_PRODUCTS_DIR; };
		5B55AD7C2AFA2E9600CC1819 /* AppDelegate.swift */ = {isa = PBXFileReference; lastKnownFileType = sourcecode.swift; path = AppDelegate.swift; sourceTree = "<group>"; };
		5B55AD7E2AFA2E9600CC1819 /* SceneDelegate.swift */ = {isa = PBXFileReference; lastKnownFileType = sourcecode.swift; path = SceneDelegate.swift; sourceTree = "<group>"; };
		5B55AD802AFA2E9600CC1819 /* ViewController.swift */ = {isa = PBXFileReference; lastKnownFileType = sourcecode.swift; path = ViewController.swift; sourceTree = "<group>"; };
		5B55AD832AFA2E9600CC1819 /* Base */ = {isa = PBXFileReference; lastKnownFileType = file.storyboard; name = Base; path = Base.lproj/Main.storyboard; sourceTree = "<group>"; };
		5B55AD852AFA2E9700CC1819 /* Assets.xcassets */ = {isa = PBXFileReference; lastKnownFileType = folder.assetcatalog; path = Assets.xcassets; sourceTree = "<group>"; };
		5B55AD882AFA2E9700CC1819 /* Base */ = {isa = PBXFileReference; lastKnownFileType = file.storyboard; name = Base; path = Base.lproj/LaunchScreen.storyboard; sourceTree = "<group>"; };
		5B55AD8A2AFA2E9700CC1819 /* Info.plist */ = {isa = PBXFileReference; lastKnownFileType = text.plist.xml; path = Info.plist; sourceTree = "<group>"; };
		5B55AD902AFA31C000CC1819 /* MyViewController.swift */ = {isa = PBXFileReference; lastKnownFileType = sourcecode.swift; path = MyViewController.swift; sourceTree = "<group>"; };
		632643C6C97ABED6971B0A82 /* Pods-SideView.debug.xcconfig */ = {isa = PBXFileReference; includeInIndex = 1; lastKnownFileType = text.xcconfig; name = "Pods-SideView.debug.xcconfig"; path = "Target Support Files/Pods-SideView/Pods-SideView.debug.xcconfig"; sourceTree = "<group>"; };
		7581FE46AB70F1F271F80F38 /* Pods-SideView.release.xcconfig */ = {isa = PBXFileReference; includeInIndex = 1; lastKnownFileType = text.xcconfig; name = "Pods-SideView.release.xcconfig"; path = "Target Support Files/Pods-SideView/Pods-SideView.release.xcconfig"; sourceTree = "<group>"; };
/* End PBXFileReference section */

/* Begin PBXFrameworksBuildPhase section */
		5B55AD762AFA2E9600CC1819 /* Frameworks */ = {
			isa = PBXFrameworksBuildPhase;
			buildActionMask = 2147483647;
			files = (
				7F6BD20D1A3870C7B898EC94 /* Pods_SideView.framework in Frameworks */,
			);
			runOnlyForDeploymentPostprocessing = 0;
		};
/* End PBXFrameworksBuildPhase section */

/* Begin PBXGroup section */
		561719E5D993E98DC851ECAA /* Pods */ = {
			isa = PBXGroup;
			children = (
				632643C6C97ABED6971B0A82 /* Pods-SideView.debug.xcconfig */,
				7581FE46AB70F1F271F80F38 /* Pods-SideView.release.xcconfig */,
			);
			path = Pods;
			sourceTree = "<group>";
		};
		5B55AD702AFA2E9600CC1819 = {
			isa = PBXGroup;
			children = (
				5B55AD7B2AFA2E9600CC1819 /* SideView */,
				5B55AD7A2AFA2E9600CC1819 /* Products */,
				561719E5D993E98DC851ECAA /* Pods */,
				9FD614FB378EEF80B45F778D /* Frameworks */,
			);
			sourceTree = "<group>";
		};
		5B55AD7A2AFA2E9600CC1819 /* Products */ = {
			isa = PBXGroup;
			children = (
				5B55AD792AFA2E9600CC1819 /* SideView.app */,
			);
			name = Products;
			sourceTree = "<group>";
		};
		5B55AD7B2AFA2E9600CC1819 /* SideView */ = {
			isa = PBXGroup;
			children = (
				5B55AD7C2AFA2E9600CC1819 /* AppDelegate.swift */,
				5B55AD7E2AFA2E9600CC1819 /* SceneDelegate.swift */,
				5B55AD802AFA2E9600CC1819 /* ViewController.swift */,
				5B55AD822AFA2E9600CC1819 /* Main.storyboard */,
				5B55AD902AFA31C000CC1819 /* MyViewController.swift */,
				5B55AD852AFA2E9700CC1819 /* Assets.xcassets */,
				5B55AD872AFA2E9700CC1819 /* LaunchScreen.storyboard */,
				5B55AD8A2AFA2E9700CC1819 /* Info.plist */,
			);
			path = SideView;
			sourceTree = "<group>";
		};
		9FD614FB378EEF80B45F778D /* Frameworks */ = {
			isa = PBXGroup;
			children = (
				26C65C14473EA8BED57CA5F0 /* Pods_SideView.framework */,
			);
			name = Frameworks;
			sourceTree = "<group>";
		};
/* End PBXGroup section */

/* Begin PBXNativeTarget section */
		5B55AD782AFA2E9600CC1819 /* SideView */ = {
			isa = PBXNativeTarget;
			buildConfigurationList = 5B55AD8D2AFA2E9700CC1819 /* Build configuration list for PBXNativeTarget "SideView" */;
			buildPhases = (
				21591621C1D4A4821FACC9C1 /* [CP] Check Pods Manifest.lock */,
				5B55AD752AFA2E9600CC1819 /* Sources */,
				5B55AD762AFA2E9600CC1819 /* Frameworks */,
				5B55AD772AFA2E9600CC1819 /* Resources */,
				7302CBF94EA7BFFB9F765B35 /* [CP] Embed Pods Frameworks */,
			);
			buildRules = (
			);
			dependencies = (
			);
			name = SideView;
			productName = SideView;
			productReference = 5B55AD792AFA2E9600CC1819 /* SideView.app */;
			productType = "com.apple.product-type.application";
		};
/* End PBXNativeTarget section */

/* Begin PBXProject section */
		5B55AD712AFA2E9600CC1819 /* Project object */ = {
			isa = PBXProject;
			attributes = {
				BuildIndependentTargetsInParallel = 1;
				LastSwiftUpdateCheck = 1420;
				LastUpgradeCheck = 1420;
				TargetAttributes = {
					5B55AD782AFA2E9600CC1819 = {
						CreatedOnToolsVersion = 14.2;
					};
				};
			};
			buildConfigurationList = 5B55AD742AFA2E9600CC1819 /* Build configuration list for PBXProject "SideView" */;
			compatibilityVersion = "Xcode 14.0";
			developmentRegion = en;
			hasScannedForEncodings = 0;
			knownRegions = (
				en,
				Base,
			);
			mainGroup = 5B55AD702AFA2E9600CC1819;
			productRefGroup = 5B55AD7A2AFA2E9600CC1819 /* Products */;
			projectDirPath = "";
			projectRoot = "";
			targets = (
				5B55AD782AFA2E9600CC1819 /* SideView */,
			);
		};
/* End PBXProject section */

/* Begin PBXResourcesBuildPhase section */
		5B55AD772AFA2E9600CC1819 /* Resources */ = {
			isa = PBXResourcesBuildPhase;
			buildActionMask = 2147483647;
			files = (
				5B55AD892AFA2E9700CC1819 /* LaunchScreen.storyboard in Resources */,
				5B55AD862AFA2E9700CC1819 /* Assets.xcassets in Resources */,
				5B55AD842AFA2E9600CC1819 /* Main.storyboard in Resources */,
			);
			runOnlyForDeploymentPostprocessing = 0;
		};
/* End PBXResourcesBuildPhase section */

/* Begin PBXShellScriptBuildPhase section */
		21591621C1D4A4821FACC9C1 /* [CP] Check Pods Manifest.lock */ = {
			isa = PBXShellScriptBuildPhase;
			buildActionMask = 2147483647;
			files = (
			);
			inputFileListPaths = (
			);
			inputPaths = (
				"${PODS_PODFILE_DIR_PATH}/Podfile.lock",
				"${PODS_ROOT}/Manifest.lock",
			);
			name = "[CP] Check Pods Manifest.lock";
			outputFileListPaths = (
			);
			outputPaths = (
				"$(DERIVED_FILE_DIR)/Pods-SideView-checkManifestLockResult.txt",
			);
			runOnlyForDeploymentPostprocessing = 0;
			shellPath = /bin/sh;
			shellScript = "diff \"${PODS_PODFILE_DIR_PATH}/Podfile.lock\" \"${PODS_ROOT}/Manifest.lock\" > /dev/null\nif [ $? != 0 ] ; then\n    # print error to STDERR\n    echo \"error: The sandbox is not in sync with the Podfile.lock. Run 'pod install' or update your CocoaPods installation.\" >&2\n    exit 1\nfi\n# This output is used by Xcode 'outputs' to avoid re-running this script phase.\necho \"SUCCESS\" > \"${SCRIPT_OUTPUT_FILE_0}\"\n";
			showEnvVarsInLog = 0;
		};
		7302CBF94EA7BFFB9F765B35 /* [CP] Embed Pods Frameworks */ = {
			isa = PBXShellScriptBuildPhase;
			buildActionMask = 2147483647;
			files = (
			);
			inputFileListPaths = (
				"${PODS_ROOT}/Target Support Files/Pods-SideView/Pods-SideView-frameworks-${CONFIGURATION}-input-files.xcfilelist",
			);
			name = "[CP] Embed Pods Frameworks";
			outputFileListPaths = (
				"${PODS_ROOT}/Target Support Files/Pods-SideView/Pods-SideView-frameworks-${CONFIGURATION}-output-files.xcfilelist",
			);
			runOnlyForDeploymentPostprocessing = 0;
			shellPath = /bin/sh;
			shellScript = "\"${PODS_ROOT}/Target Support Files/Pods-SideView/Pods-SideView-frameworks.sh\"\n";
			showEnvVarsInLog = 0;
		};
/* End PBXShellScriptBuildPhase section */

/* Begin PBXSourcesBuildPhase section */
		5B55AD752AFA2E9600CC1819 /* Sources */ = {
			isa = PBXSourcesBuildPhase;
			buildActionMask = 2147483647;
			files = (
				5B55AD812AFA2E9600CC1819 /* ViewController.swift in Sources */,
				5B55AD7D2AFA2E9600CC1819 /* AppDelegate.swift in Sources */,
				5B55AD912AFA31C000CC1819 /* MyViewController.swift in Sources */,
				5B55AD7F2AFA2E9600CC1819 /* SceneDelegate.swift in Sources */,
			);
			runOnlyForDeploymentPostprocessing = 0;
		};
/* End PBXSourcesBuildPhase section */

/* Begin PBXVariantGroup section */
		5B55AD822AFA2E9600CC1819 /* Main.storyboard */ = {
			isa = PBXVariantGroup;
			children = (
				5B55AD832AFA2E9600CC1819 /* Base */,
			);
			name = Main.storyboard;
			sourceTree = "<group>";
		};
		5B55AD872AFA2E9700CC1819 /* LaunchScreen.storyboard */ = {
			isa = PBXVariantGroup;
			children = (
				5B55AD882AFA2E9700CC1819 /* Base */,
			);
			name = LaunchScreen.storyboard;
			sourceTree = "<group>";
		};
/* End PBXVariantGroup section */

/* Begin XCBuildConfiguration section */
		5B55AD8B2AFA2E9700CC1819 /* Debug */ = {
			isa = XCBuildConfiguration;
			buildSettings = {
				ALWAYS_SEARCH_USER_PATHS = NO;
				CLANG_ANALYZER_NONNULL = YES;
				CLANG_ANALYZER_NUMBER_OBJECT_CONVERSION = YES_AGGRESSIVE;
				CLANG_CXX_LANGUAGE_STANDARD = "gnu++20";
				CLANG_ENABLE_MODULES = YES;
				CLANG_ENABLE_OBJC_ARC = YES;
				CLANG_ENABLE_OBJC_WEAK = YES;
				CLANG_WARN_BLOCK_CAPTURE_AUTORELEASING = YES;
				CLANG_WARN_BOOL_CONVERSION = YES;
				CLANG_WARN_COMMA = YES;
				CLANG_WARN_CONSTANT_CONVERSION = YES;
				CLANG_WARN_DEPRECATED_OBJC_IMPLEMENTATIONS = YES;
				CLANG_WARN_DIRECT_OBJC_ISA_USAGE = YES_ERROR;
				CLANG_WARN_DOCUMENTATION_COMMENTS = YES;
				CLANG_WARN_EMPTY_BODY = YES;
				CLANG_WARN_ENUM_CONVERSION = YES;
				CLANG_WARN_INFINITE_RECURSION = YES;
				CLANG_WARN_INT_CONVERSION = YES;
				CLANG_WARN_NON_LITERAL_NULL_CONVERSION = YES;
				CLANG_WARN_OBJC_IMPLICIT_RETAIN_SELF = YES;
				CLANG_WARN_OBJC_LITERAL_CONVERSION = YES;
				CLANG_WARN_OBJC_ROOT_CLASS = YES_ERROR;
				CLANG_WARN_QUOTED_INCLUDE_IN_FRAMEWORK_HEADER = YES;
				CLANG_WARN_RANGE_LOOP_ANALYSIS = YES;
				CLANG_WARN_STRICT_PROTOTYPES = YES;
				CLANG_WARN_SUSPICIOUS_MOVE = YES;
				CLANG_WARN_UNGUARDED_AVAILABILITY = YES_AGGRESSIVE;
				CLANG_WARN_UNREACHABLE_CODE = YES;
				CLANG_WARN__DUPLICATE_METHOD_MATCH = YES;
				COPY_PHASE_STRIP = NO;
				DEBUG_INFORMATION_FORMAT = dwarf;
				ENABLE_STRICT_OBJC_MSGSEND = YES;
				ENABLE_TESTABILITY = YES;
				GCC_C_LANGUAGE_STANDARD = gnu11;
				GCC_DYNAMIC_NO_PIC = NO;
				GCC_NO_COMMON_BLOCKS = YES;
				GCC_OPTIMIZATION_LEVEL = 0;
				GCC_PREPROCESSOR_DEFINITIONS = (
					"DEBUG=1",
					"$(inherited)",
				);
				GCC_WARN_64_TO_32_BIT_CONVERSION = YES;
				GCC_WARN_ABOUT_RETURN_TYPE = YES_ERROR;
				GCC_WARN_UNDECLARED_SELECTOR = YES;
				GCC_WARN_UNINITIALIZED_AUTOS = YES_AGGRESSIVE;
				GCC_WARN_UNUSED_FUNCTION = YES;
				GCC_WARN_UNUSED_VARIABLE = YES;
				IPHONEOS_DEPLOYMENT_TARGET = 16.2;
				MTL_ENABLE_DEBUG_INFO = INCLUDE_SOURCE;
				MTL_FAST_MATH = YES;
				ONLY_ACTIVE_ARCH = YES;
				SDKROOT = iphoneos;
				SWIFT_ACTIVE_COMPILATION_CONDITIONS = DEBUG;
				SWIFT_OPTIMIZATION_LEVEL = "-Onone";
			};
			name = Debug;
		};
		5B55AD8C2AFA2E9700CC1819 /* Release */ = {
			isa = XCBuildConfiguration;
			buildSettings = {
				ALWAYS_SEARCH_USER_PATHS = NO;
				CLANG_ANALYZER_NONNULL = YES;
				CLANG_ANALYZER_NUMBER_OBJECT_CONVERSION = YES_AGGRESSIVE;
				CLANG_CXX_LANGUAGE_STANDARD = "gnu++20";
				CLANG_ENABLE_MODULES = YES;
				CLANG_ENABLE_OBJC_ARC = YES;
				CLANG_ENABLE_OBJC_WEAK = YES;
				CLANG_WARN_BLOCK_CAPTURE_AUTORELEASING = YES;
				CLANG_WARN_BOOL_CONVERSION = YES;
				CLANG_WARN_COMMA = YES;
				CLANG_WARN_CONSTANT_CONVERSION = YES;
				CLANG_WARN_DEPRECATED_OBJC_IMPLEMENTATIONS = YES;
				CLANG_WARN_DIRECT_OBJC_ISA_USAGE = YES_ERROR;
				CLANG_WARN_DOCUMENTATION_COMMENTS = YES;
				CLANG_WARN_EMPTY_BODY = YES;
				CLANG_WARN_ENUM_CONVERSION = YES;
				CLANG_WARN_INFINITE_RECURSION = YES;
				CLANG_WARN_INT_CONVERSION = YES;
				CLANG_WARN_NON_LITERAL_NULL_CONVERSION = YES;
				CLANG_WARN_OBJC_IMPLICIT_RETAIN_SELF = YES;
				CLANG_WARN_OBJC_LITERAL_CONVERSION = YES;
				CLANG_WARN_OBJC_ROOT_CLASS = YES_ERROR;
				CLANG_WARN_QUOTED_INCLUDE_IN_FRAMEWORK_HEADER = YES;
				CLANG_WARN_RANGE_LOOP_ANALYSIS = YES;
				CLANG_WARN_STRICT_PROTOTYPES = YES;
				CLANG_WARN_SUSPICIOUS_MOVE = YES;
				CLANG_WARN_UNGUARDED_AVAILABILITY = YES_AGGRESSIVE;
				CLANG_WARN_UNREACHABLE_CODE = YES;
				CLANG_WARN__DUPLICATE_METHOD_MATCH = YES;
				COPY_PHASE_STRIP = NO;
				DEBUG_INFORMATION_FORMAT = "dwarf-with-dsym";
				ENABLE_NS_ASSERTIONS = NO;
				ENABLE_STRICT_OBJC_MSGSEND = YES;
				GCC_C_LANGUAGE_STANDARD = gnu11;
				GCC_NO_COMMON_BLOCKS = YES;
				GCC_WARN_64_TO_32_BIT_CONVERSION = YES;
				GCC_WARN_ABOUT_RETURN_TYPE = YES_ERROR;
				GCC_WARN_UNDECLARED_SELECTOR = YES;
				GCC_WARN_UNINITIALIZED_AUTOS = YES_AGGRESSIVE;
				GCC_WARN_UNUSED_FUNCTION = YES;
				GCC_WARN_UNUSED_VARIABLE = YES;
				IPHONEOS_DEPLOYMENT_TARGET = 16.2;
				MTL_ENABLE_DEBUG_INFO = NO;
				MTL_FAST_MATH = YES;
				SDKROOT = iphoneos;
				SWIFT_COMPILATION_MODE = wholemodule;
				SWIFT_OPTIMIZATION_LEVEL = "-O";
				VALIDATE_PRODUCT = YES;
			};
			name = Release;
		};
		5B55AD8E2AFA2E9700CC1819 /* Debug */ = {
			isa = XCBuildConfiguration;
			baseConfigurationReference = 632643C6C97ABED6971B0A82 /* Pods-SideView.debug.xcconfig */;
			buildSettings = {
				ASSETCATALOG_COMPILER_APPICON_NAME = AppIcon;
				ASSETCATALOG_COMPILER_GLOBAL_ACCENT_COLOR_NAME = AccentColor;
				CODE_SIGN_STYLE = Automatic;
				CURRENT_PROJECT_VERSION = 1;
				GENERATE_INFOPLIST_FILE = YES;
				INFOPLIST_FILE = SideView/Info.plist;
				INFOPLIST_KEY_UIApplicationSupportsIndirectInputEvents = YES;
				INFOPLIST_KEY_UILaunchStoryboardName = LaunchScreen;
				INFOPLIST_KEY_UIMainStoryboardFile = Main;
				INFOPLIST_KEY_UISupportedInterfaceOrientations_iPad = "UIInterfaceOrientationPortrait UIInterfaceOrientationPortraitUpsideDown UIInterfaceOrientationLandscapeLeft UIInterfaceOrientationLandscapeRight";
				INFOPLIST_KEY_UISupportedInterfaceOrientations_iPhone = "UIInterfaceOrientationPortrait UIInterfaceOrientationLandscapeLeft UIInterfaceOrientationLandscapeRight";
				LD_RUNPATH_SEARCH_PATHS = (
					"$(inherited)",
					"@executable_path/Frameworks",
				);
				MARKETING_VERSION = 1.0;
				PRODUCT_BUNDLE_IDENTIFIER = Admin.SideView;
				PRODUCT_NAME = "$(TARGET_NAME)";
				SWIFT_EMIT_LOC_STRINGS = YES;
				SWIFT_VERSION = 5.0;
				TARGETED_DEVICE_FAMILY = "1,2";
			};
			name = Debug;
		};
		5B55AD8F2AFA2E9700CC1819 /* Release */ = {
			isa = XCBuildConfiguration;
			baseConfigurationReference = 7581FE46AB70F1F271F80F38 /* Pods-SideView.release.xcconfig */;
			buildSettings = {
				ASSETCATALOG_COMPILER_APPICON_NAME = AppIcon;
				ASSETCATALOG_COMPILER_GLOBAL_ACCENT_COLOR_NAME = AccentColor;
				CODE_SIGN_STYLE = Automatic;
				CURRENT_PROJECT_VERSION = 1;
				GENERATE_INFOPLIST_FILE = YES;
				INFOPLIST_FILE = SideView/Info.plist;
				INFOPLIST_KEY_UIApplicationSupportsIndirectInputEvents = YES;
				INFOPLIST_KEY_UILaunchStoryboardName = LaunchScreen;
				INFOPLIST_KEY_UIMainStoryboardFile = Main;
				INFOPLIST_KEY_UISupportedInterfaceOrientations_iPad = "UIInterfaceOrientationPortrait UIInterfaceOrientationPortraitUpsideDown UIInterfaceOrientationLandscapeLeft UIInterfaceOrientationLandscapeRight";
				INFOPLIST_KEY_UISupportedInterfaceOrientations_iPhone = "UIInterfaceOrientationPortrait UIInterfaceOrientationLandscapeLeft UIInterfaceOrientationLandscapeRight";
				LD_RUNPATH_SEARCH_PATHS = (
					"$(inherited)",
					"@executable_path/Frameworks",
				);
				MARKETING_VERSION = 1.0;
				PRODUCT_BUNDLE_IDENTIFIER = Admin.SideView;
				PRODUCT_NAME = "$(TARGET_NAME)";
				SWIFT_EMIT_LOC_STRINGS = YES;
				SWIFT_VERSION = 5.0;
				TARGETED_DEVICE_FAMILY = "1,2";
			};
			name = Release;
		};
/* End XCBuildConfiguration section */

/* Begin XCConfigurationList section */
		5B55AD742AFA2E9600CC1819 /* Build configuration list for PBXProject "SideView" */ = {
			isa = XCConfigurationList;
			buildConfigurations = (
				5B55AD8B2AFA2E9700CC1819 /* Debug */,
				5B55AD8C2AFA2E9700CC1819 /* Release */,
			);
			defaultConfigurationIsVisible = 0;
			defaultConfigurationName = Release;
		};
		5B55AD8D2AFA2E9700CC1819 /* Build configuration list for PBXNativeTarget "SideView" */ = {
			isa = XCConfigurationList;
			buildConfigurations = (
				5B55AD8E2AFA2E9700CC1819 /* Debug */,
				5B55AD8F2AFA2E9700CC1819 /* Release */,
			);
			defaultConfigurationIsVisible = 0;
			defaultConfigurationName = Release;
		};
/* End XCConfigurationList section */
	};
	rootObject = 5B55AD712AFA2E9600CC1819 /* Project object */;
}
